
Microsoft Visual Studio Solution File, Format Version 12.00
# Visual Studio Version 17
VisualStudioVersion = 17.14.36804.6 d17.14
MinimumVisualStudioVersion = 10.0.40219.1
Project("{54A90642-561A-4BB1-A94E-469ADEE60C69}") = "airquality.client", "airquality.client\airquality.client.esproj", "{239A3C38-C710-7CBF-3A2F-EDCB46003259}"
EndProject
Project("{FAE04EC0-301F-11D3-BF4B-00C04F79EFBC}") = "AirQuality.Server", "AirQuality.Server\AirQuality.Server.csproj", "{0F8901BA-92AD-4966-86E2-DA53F402BE01}"
EndProject
Global
	GlobalSection(SolutionConfigurationPlatforms) = preSolution
		Debug|Any CPU = Debug|Any CPU
		Release|Any CPU = Release|Any CPU
	EndGlobalSection
	GlobalSection(ProjectConfigurationPlatforms) = postSolution
		{239A3C38-C710-7CBF-3A2F-EDCB46003259}.Debug|Any CPU.ActiveCfg = Debug|Any CPU
		{239A3C38-C710-7CBF-3A2F-EDCB46003259}.Debug|Any CPU.Build.0 = Debug|Any CPU
		{239A3C38-C710-7CBF-3A2F-EDCB46003259}.Debug|Any CPU.Deploy.0 = Debug|Any CPU
		{239A3C38-C710-7CBF-3A2F-EDCB46003259}.Release|Any CPU.ActiveCfg = Release|Any CPU
		{239A3C38-C710-7CBF-3A2F-EDCB46003259}.Release|Any CPU.Build.0 = Release|Any CPU
		{239A3C38-C710-7CBF-3A2F-EDCB46003259}.Release|Any CPU.Deploy.0 = Release|Any CPU
		{0F8901BA-92AD-4966-86E2-DA53F402BE01}.Debug|Any CPU.ActiveCfg = Debug|Any CPU
		{0F8901BA-92AD-4966-86E2-DA53F402BE01}.Debug|Any CPU.Build.0 = Debug|Any CPU
		{0F8901BA-92AD-4966-86E2-DA53F402BE01}.Release|Any CPU.ActiveCfg = Release|Any CPU
		{0F8901BA-92AD-4966-86E2-DA53F402BE01}.Release|Any CPU.Build.0 = Release|Any CPU
	EndGlobalSection
	GlobalSection(SolutionProperties) = preSolution
		HideSolutionNode = FALSE
	EndGlobalSection
	GlobalSection(ExtensibilityGlobals) = postSolution
		SolutionGuid = {7DBCF634-8168-4893-AB34-4FFDAE29AA4D}
	EndGlobalSection
EndGlobal
